{
  "name": "mcp-servers-monorepo",
  "lockfileVersion": 3,
  "requires": true,
  "packages": {
    "": {
      "name": "mcp-servers-monorepo",
      "workspaces": [
        "MCP_Server_*"
      ],
      "devDependencies": {
        "turbo": "^2.9.14"
      }
    },
    "MCP_Server_1Password": {
      "name": "mcp-server-1password",
      "version": "1.0.0",
      "extraneous": true,
      "license": "MIT",
      "dependencies": {
        "@modelcontextprotocol/sdk": "^1.17.0",
        "bcryptjs": "^2.4.3",
        "commander": "^13.1.0",
        "dotenv": "^16.4.7",
        "express": "^5.1.0",
        "jsonwebtoken": "^9.0.2",
        "lodash": "^4.17.21",
        "open": "^9.1.0",
        "postman-collection": "^4.4.0",
        "postman-runtime": "^7.36.1"
      },
      "devDependencies": {
        "@playwright/test": "^1.49.0"
      },
      "engines": {
        "node": ">=18.0.0"
      }
    },
    "MCP_Server_Airtable": {
      "name": "mcp-server-airtable",
      "version": "1.0.0",
      "extraneous": true,
      "license": "MIT",
      "dependencies": {
        "@modelcontextprotocol/sdk": "^1.17.0",
        "bcryptjs": "^2.4.3",
        "commander": "^13.1.0",
        "dotenv": "^16.4.7",
        "express": "^5.1.0",
        "jsonwebtoken": "^9.0.2",
        "lodash": "^4.17.21",
        "open": "^9.1.0",
        "postman-collection": "^4.4.0",
        "postman-runtime": "^7.36.1"
      },
      "devDependencies": {
        "@playwright/test": "^1.49.0"
      },
      "engines": {
        "node": ">=18.0.0"
      }
    },
    "MCP_Server_ClickUp": {
      "name": "mcp-server-clickup",
      "version": "1.0.0",
      "extraneous": true,
      "license": "MIT",
      "dependencies": {
        "@modelcontextprotocol/sdk": "^1.17.0",
        "bcryptjs": "^2.4.3",
        "commander": "^13.1.0",
        "dotenv": "^16.4.7",
        "express": "^5.1.0",
        "jsonwebtoken": "^9.0.2",
        "lodash": "^4.17.21",
        "open": "^9.1.0",
        "postman-collection": "^4.4.0",
        "postman-runtime": "^7.36.1"
      },
      "devDependencies": {
        "@playwright/test": "^1.49.0"
      },
      "engines": {
        "node": ">=18.0.0"
      }
    },
    "MCP_Server_GammaAI": {
      "name": "mcp-server-gammaai",
      "version": "1.0.0",
      "extraneous": true,
      "license": "MIT",
      "dependencies": {
        "@modelcontextprotocol/sdk": "^1.17.0",
        "bcryptjs": "^2.4.3",
        "commander": "^13.1.0",
        "dotenv": "^16.4.7",
        "express": "^5.1.0",
        "jsonwebtoken": "^9.0.2",
        "lodash": "^4.17.21",
        "open": "^9.1.0",
        "postman-collection": "^4.4.0",
        "postman-runtime": "^7.36.1"
      },
      "devDependencies": {
        "@playwright/test": "^1.49.0"
      },
      "engines": {
        "node": ">=18.0.0"
      }
    },
    "MCP_Server_GitHub": {
      "name": "mcp-server-github",
      "version": "1.0.0",
      "extraneous": true,
      "license": "MIT",
      "dependencies": {
        "@modelcontextprotocol/sdk": "^1.17.0",
        "bcryptjs": "^2.4.3",
        "commander": "^13.1.0",
        "dotenv": "^16.4.7",
        "express": "^5.1.0",
        "jsonwebtoken": "^9.0.2",
        "lodash": "^4.17.21",
        "open": "^9.1.0",
        "postman-collection": "^4.4.0",
        "postman-runtime": "^7.36.1"
      },
      "devDependencies": {
        "@playwright/test": "^1.49.0"
      },
      "engines": {
        "node": ">=18.0.0"
      }
    },
    "MCP_Server_Notion": {
      "name": "mcp-server-notion",
      "version": "1.0.0",
      "extraneous": true,
      "license": "MIT",
      "dependencies": {
        "@modelcontextprotocol/sdk": "^1.17.0",
        "bcryptjs": "^2.4.3",
        "commander": "^13.1.0",
        "dotenv": "^16.4.7",
        "express": "^5.1.0",
        "jsonwebtoken": "^9.0.2",
        "lodash": "^4.17.21",
        "open": "^9.1.0",
        "postman-collection": "^4.4.0",
        "postman-runtime": "^7.36.1"
      },
      "devDependencies": {
        "@playwright/test": "^1.49.0"
      },
      "engines": {
        "node": ">=18.0.0"
      }
    },
    "MCP_Server_Outlook": {
      "name": "mcp-server-outlook",
      "version": "1.0.0",
      "extraneous": true,
      "license": "MIT",
      "dependencies": {
        "@modelcontextprotocol/sdk": "^1.17.0",
        "bcryptjs": "^2.4.3",
        "commander": "^13.1.0",
        "dotenv": "^16.4.7",
        "express": "^5.1.0",
        "jsonwebtoken": "^9.0.2",
        "lodash": "^4.17.21",
        "open": "^9.1.0",
        "postman-collection": "^4.4.0",
        "postman-runtime": "^7.36.1"
      },
      "devDependencies": {
        "@playwright/test": "^1.49.0"
      },
      "engines": {
        "node": ">=18.0.0"
      }
    },
    "MCP_Server_Raindrop": {
      "name": "mcp-server-raindrop",
      "version": "1.0.0",
      "extraneous": true,
      "license": "MIT",
      "dependencies": {
        "@modelcontextprotocol/sdk": "^1.17.0",
        "bcryptjs": "^2.4.3",
        "commander": "^13.1.0",
        "dotenv": "^16.4.7",
        "express": "^5.1.0",
        "jsonwebtoken": "^9.0.2",
        "lodash": "^4.17.21",
        "open": "^9.1.0",
        "postman-collection": "^4.4.0",
        "postman-runtime": "^7.36.1"
      },
      "devDependencies": {
        "@playwright/test": "^1.49.0"
      },
      "engines": {
        "node": ">=18.0.0"
      }
    },
    "MCP_Server_Template": {
      "name": "mcp-server-template",
      "version": "0.1.0",
      "extraneous": true,
      "dependencies": {
        "@apidevtools/swagger-parser": "^10.0.3",
        "@fastify/helmet": "^12.0.0",
        "@fastify/sensible": "^5.0.1",
        "@opentelemetry/api": "^1.9.0",
        "fastify": "^5.0.0",
        "fastify-plugin": "^5.0.0",
        "pino": "^9.0.0",
        "prom-client": "^15.0.0",
        "undici": "^6.19.8",
        "yaml": "^2.6.0",
        "zod": "^3.23.8"
      },
      "devDependencies": {
        "@types/node": "^22.0.0",
        "pino-pretty": "^11.2.0",
        "ts-node": "^10.9.2",
        "ts-node-dev": "^2.0.0",
        "tsx": "^4.19.0",
        "typescript": "^5.7.0",
        "vitest": "^2.0.0"
      },
      "engines": {
        "node": ">=20.0.0"
      }
    },
    "MCP_Server_Template_Lightweight_AirtableExample": {
      "name": "postman-mcp-generator-mcp",
      "version": "1.0.0",
      "extraneous": true,
      "license": "MIT",
      "dependencies": {
        "@modelcontextprotocol/sdk": "^1.17.0",
        "bcryptjs": "^2.4.3",
        "commander": "^13.1.0",
        "dotenv": "^16.4.7",
        "express": "^5.1.0",
        "jsonwebtoken": "^9.0.2",
        "lodash": "^4.17.21",
        "open": "^9.1.0",
        "postman-collection": "^4.4.0",
        "postman-runtime": "^7.36.1"
      },
      "devDependencies": {
        "@playwright/test": "^1.49.0"
      },
      "engines": {
        "node": ">=18.0.0"
      }
    },
    "node_modules/@turbo/darwin-64": {
      "version": "2.9.14",
      "resolved": "https://registry.npmjs.org/@turbo/darwin-64/-/darwin-64-2.9.14.tgz",
      "integrity": "sha512-t7QiPflaEyBE4oayeZtSmu4mEfjgIrcNlNNl1z1dmIVPqEdtA7+CfTf8d7KXsOGPh6aNgWjKxyvQg9uGfDQF+A==",
      "cpu": [
        "x64"
      ],
      "dev": true,
      "license": "MIT",
      "optional": true,
      "os": [
        "darwin"
      ]
    },
    "node_modules/@turbo/darwin-arm64": {
      "version": "2.9.14",
      "resolved": "https://registry.npmjs.org/@turbo/darwin-arm64/-/darwin-arm64-2.9.14.tgz",
      "integrity": "sha512-d23147mC9BsCPA9mJ0h/ubcpbRgcJBXbcG3+Vq7YLhjz3IXuvQsJ1UXH8f4MD76ZjJ4m/E4aRdJV+MW88CDfbw==",
      "cpu": [
        "arm64"
      ],
      "dev": true,
      "license": "MIT",
      "optional": true,
      "os": [
        "darwin"
      ]
    },
    "node_modules/@turbo/linux-64": {
      "version": "2.9.14",
      "resolved": "https://registry.npmjs.org/@turbo/linux-64/-/linux-64-2.9.14.tgz",
      "integrity": "sha512-P3ZKB5tuUDdDQWuAsACGUR1qv9W7BNWxdxqVJ0kZNuNNPRaVYTPPikLcp79+GiEcW3npsR+KyP38lnQiBc5aSA==",
      "cpu": [
        "x64"
      ],
      "dev": true,
      "license": "MIT",
      "optional": true,
      "os": [
        "linux"
      ]
    },
    "node_modules/@turbo/linux-arm64": {
      "version": "2.9.14",
      "resolved": "https://registry.npmjs.org/@turbo/linux-arm64/-/linux-arm64-2.9.14.tgz",
      "integrity": "sha512-ZRTlzcUMrrPv9ZuDzRF9n60Ym13bKeG9jDB8WjxyLhWNzV+AJQN+zdpIk3NJYf2zQsGUm1mNar2P0elRzLw25g==",
      "cpu": [
        "arm64"
      ],
      "dev": true,
      "license": "MIT",
      "optional": true,
      "os": [
        "linux"
      ]
    },
    "node_modules/@turbo/windows-64": {
      "version": "2.9.14",
      "resolved": "https://registry.npmjs.org/@turbo/windows-64/-/windows-64-2.9.14.tgz",
      "integrity": "sha512-exanwN6sIduZwykYeiTQj8kCmOhazP5WOz3bvXMcYtjhL6Z3iRWLewKrXCBq0bqwSP3iBMb/AerRCnHI4lx46A==",
      "cpu": [
        "x64"
      ],
      "dev": true,
      "license": "MIT",
      "optional": true,
      "os": [
        "win32"
      ]
    },
    "node_modules/@turbo/windows-arm64": {
      "version": "2.9.14",
      "resolved": "https://registry.npmjs.org/@turbo/windows-arm64/-/windows-arm64-2.9.14.tgz",
      "integrity": "sha512-fVdCsnmYoKICsycbWuuGp6Jvi51/3G/UluFWuAUCvR8PIW5IJkAk5BM9UF8PSm0Q2IphWHFZjYEgjHsh3B9y/g==",
      "cpu": [
        "arm64"
      ],
      "dev": true,
      "license": "MIT",
      "optional": true,
      "os": [
        "win32"
      ]
    },
    "node_modules/turbo": {
      "version": "2.9.14",
      "resolved": "https://registry.npmjs.org/turbo/-/turbo-2.9.14.tgz",
      "integrity": "sha512-BQqXRr4UoWI3UPFrtznCLykYHxwxWh53iCB57x092jPMjIlW1wnm3N895g5irpiXmnxUhREBB0n6+y8BHhs4nw==",
      "dev": true,
      "license": "MIT",
      "bin": {
        "turbo": "bin/turbo"
      },
      "optionalDependencies": {
        "@turbo/darwin-64": "2.9.14",
        "@turbo/darwin-arm64": "2.9.14",
        "@turbo/linux-64": "2.9.14",
        "@turbo/linux-arm64": "2.9.14",
        "@turbo/windows-64": "2.9.14",
        "@turbo/windows-arm64": "2.9.14"
      }
    }
  }
}
